github.com/google/uuid v1.3.0 h1:t6JiXgmwXMjEs8VusXIJk2BXHsn+wx8BZdTaoZ5fu7I=
github.com/google/uuid v1.3.0/go.mod h1:TIyPZe4MgqvfeYDBFedMoGGpEw/LqOeaOT+nhxU+yHo=
libvirt.org/libvirt-go v7.4.0+incompatible h1:1gFJevSrEoxx/5nZPB6GaTDdoc902NP2KyVPwQ07Ji4=
libvirt.org/libvirt-go v7.4.0+incompatible/go.mod h1:CPoljLoiC2aEw+62g1rZXl2oXAJaNsrq4YCSmJOELek=
